
Microsoft Visual Studio Solution File, Format Version 12.00
# Visual Studio Version 16
VisualStudioVersion = 16.0.30114.105
MinimumVisualStudioVersion = 10.0.40219.1
Project("{9A19103F-16F7-4668-BE54-9A1E7A4F7556}") = "Website", "Website\Website.csproj", "{0763CDDD-65E9-44C3-A8CA-95C655C0940E}"
EndProject
Project("{9A19103F-16F7-4668-BE54-9A1E7A4F7556}") = "WebApiOAuth2", "WebApiOAuth2\WebApiOAuth2.csproj", "{A74FF054-07AD-457E-BF50-BFED4603280F}"
EndProject
Project("{FAE04EC0-301F-11D3-BF4B-00C04F79EFBC}") = "WebApiToken", "WebApiToken\WebApiToken.csproj", "{0559F11F-C1AC-4F38-8F54-5656D797828F}"
EndProject
Global
	GlobalSection(SolutionConfigurationPlatforms) = preSolution
		Debug|Any CPU = Debug|Any CPU
		Release|Any CPU = Release|Any CPU
	EndGlobalSection
	GlobalSection(ProjectConfigurationPlatforms) = postSolution
		{0763CDDD-65E9-44C3-A8CA-95C655C0940E}.Debug|Any CPU.ActiveCfg = Debug|Any CPU
		{0763CDDD-65E9-44C3-A8CA-95C655C0940E}.Debug|Any CPU.Build.0 = Debug|Any CPU
		{0763CDDD-65E9-44C3-A8CA-95C655C0940E}.Release|Any CPU.ActiveCfg = Release|Any CPU
		{0763CDDD-65E9-44C3-A8CA-95C655C0940E}.Release|Any CPU.Build.0 = Release|Any CPU
		{A74FF054-07AD-457E-BF50-BFED4603280F}.Debug|Any CPU.ActiveCfg = Debug|Any CPU
		{A74FF054-07AD-457E-BF50-BFED4603280F}.Debug|Any CPU.Build.0 = Debug|Any CPU
		{A74FF054-07AD-457E-BF50-BFED4603280F}.Release|Any CPU.ActiveCfg = Release|Any CPU
		{A74FF054-07AD-457E-BF50-BFED4603280F}.Release|Any CPU.Build.0 = Release|Any CPU
		{0559F11F-C1AC-4F38-8F54-5656D797828F}.Debug|Any CPU.ActiveCfg = Debug|Any CPU
		{0559F11F-C1AC-4F38-8F54-5656D797828F}.Debug|Any CPU.Build.0 = Debug|Any CPU
		{0559F11F-C1AC-4F38-8F54-5656D797828F}.Release|Any CPU.ActiveCfg = Release|Any CPU
		{0559F11F-C1AC-4F38-8F54-5656D797828F}.Release|Any CPU.Build.0 = Release|Any CPU
	EndGlobalSection
	GlobalSection(SolutionProperties) = preSolution
		HideSolutionNode = FALSE
	EndGlobalSection
	GlobalSection(ExtensibilityGlobals) = postSolution
		SolutionGuid = {2BD56E30-8B94-4956-980E-72C380EB6170}
	EndGlobalSection
EndGlobal
